#MicroXplorer Configuration settings - do not modify
Mcu.Family=STM32F4
ProjectManager.MainLocation=Core/Src
ProjectManager.ProjectFileName=SDcard_SDIO.ioc
PH0-OSC_IN.Signal=RCC_OSC_IN
RCC.CortexFreq_Value=168000000
PC10.GPIO_PuPd=GPIO_PULLUP
ProjectManager.KeepUserCode=true
Mcu.UserName=STM32F407VGTx
Mcu.PinsNb=13
PD2.GPIO_PuPd=GPIO_PULLUP
ProjectManager.NoMain=false
VP_FATFS_VS_SDIO.Mode=SDIO
RCC.PLLCLKFreq_Value=168000000
PC10.Signal=SDIO_D2
PC11.Signal=SDIO_D3
PC12.Signal=SDIO_CK
RCC.PLLQCLKFreq_Value=48000000
ProjectManager.functionlistsort=1-SystemClock_Config-RCC-false-HAL-false
PC8.Signal=SDIO_D0
PC10.Mode=SD_4_bits_Wide_bus
RCC.RTCFreq_Value=32000
ProjectManager.DefaultFWLocation=true
PD2.GPIOParameters=GPIO_PuPd
ProjectManager.DeletePrevious=true
RCC.APB1CLKDivider=RCC_HCLK_DIV4
PC11.GPIOParameters=GPIO_PuPd
PinOutPanel.RotationAngle=0
RCC.FamilyName=M
RCC.SYSCLKSource=RCC_SYSCLKSOURCE_PLLCLK
ProjectManager.StackSize=0x400
PC12.GPIOParameters=GPIO_PuPd
FATFS.IPParameters=_MAX_SS
PA13.Signal=SYS_JTMS-SWDIO
Mcu.IP4=SYS
RCC.FCLKCortexFreq_Value=168000000
NVIC.SVCall_IRQn=true\:0\:0\:false\:false\:true\:false\:false
Mcu.IP2=RCC
Mcu.IP3=SDIO
PC11.GPIO_PuPd=GPIO_PULLUP
Mcu.IP0=FATFS
Mcu.IP1=NVIC
Mcu.UserConstants=
ProjectManager.TargetToolchain=STM32CubeIDE
VP_FATFS_VS_SDIO.Signal=FATFS_VS_SDIO
Mcu.ThirdPartyNb=0
RCC.HCLKFreq_Value=168000000
Mcu.IPNb=5
RCC.I2SClocksFreq_Value=192000000
ProjectManager.PreviousToolchain=
RCC.APB2TimFreq_Value=168000000
SDIO.IPParameters=ClockDiv
RCC.VcooutputI2S=192000000
Mcu.Pin6=PC10
Mcu.Pin7=PC11
ProjectManager.RegisterCallBack=
Mcu.Pin8=PC12
Mcu.Pin9=PD2
SDIO.ClockDiv=4
RCC.LSE_VALUE=32768
RCC.AHBFreq_Value=168000000
PH0-OSC_IN.Mode=HSE-External-Oscillator
Mcu.Pin0=PH0-OSC_IN
Mcu.Pin1=PH1-OSC_OUT
Mcu.Pin2=PC8
Mcu.Pin3=PC9
Mcu.Pin4=PA13
RCC.VCOI2SOutputFreq_Value=384000000
Mcu.Pin5=PA14
PD2.Mode=SD_4_bits_Wide_bus
ProjectManager.ProjectBuild=false
RCC.HSE_VALUE=25000000
NVIC.UsageFault_IRQn=true\:0\:0\:false\:false\:true\:false\:false
PC12.Mode=SD_4_bits_Wide_bus
NVIC.DebugMonitor_IRQn=true\:0\:0\:false\:false\:true\:false\:false
NVIC.TIM8_TRG_COM_TIM14_IRQn=true\:0\:0\:false\:false\:true\:false\:true
PB3.Mode=Trace_Asynchronous_SW
board=custom
RCC.VCOOutputFreq_Value=336000000
NVIC.SysTick_IRQn=true\:0\:0\:false\:false\:true\:false\:true
ProjectManager.LastFirmware=true
ProjectManager.FirmwarePackage=STM32Cube FW_F4 V1.26.1
VP_SYS_VS_tim14.Signal=SYS_VS_tim14
MxDb.Version=DB.6.0.21
RCC.APB2Freq_Value=84000000
ProjectManager.BackupPrevious=false
MxCube.Version=6.2.1
RCC.VCOInputFreq_Value=2000000
PA14.Mode=Trace_Asynchronous_SW
File.Version=6
RCC.EthernetFreq_Value=168000000
PC9.Mode=SD_4_bits_Wide_bus
PC9.GPIO_PuPd=GPIO_PULLUP
PH1-OSC_OUT.Signal=RCC_OSC_OUT
NVIC.NonMaskableInt_IRQn=true\:0\:0\:false\:false\:true\:false\:false
PC10.GPIOParameters=GPIO_PuPd
NVIC.PendSV_IRQn=true\:0\:0\:false\:false\:true\:false\:false
VP_SYS_VS_tim14.Mode=TIM14
PA13.Mode=Trace_Asynchronous_SW
ProjectManager.FreePins=false
RCC.IPParameters=48MHZClocksFreq_Value,AHBFreq_Value,APB1CLKDivider,APB1Freq_Value,APB1TimFreq_Value,APB2CLKDivider,APB2Freq_Value,APB2TimFreq_Value,CortexFreq_Value,EthernetFreq_Value,FCLKCortexFreq_Value,FamilyName,HCLKFreq_Value,HSE_VALUE,HSI_VALUE,I2SClocksFreq_Value,LSE_VALUE,LSI_VALUE,MCO2PinFreq_Value,PLLCLKFreq_Value,PLLM,PLLN,PLLQ,PLLQCLKFreq_Value,RTCFreq_Value,RTCHSEDivFreq_Value,SYSCLKFreq_VALUE,SYSCLKSource,VCOI2SOutputFreq_Value,VCOInputFreq_Value,VCOOutputFreq_Value,VcooutputI2S
PC9.GPIOParameters=GPIO_PuPd
ProjectManager.AskForMigrate=true
Mcu.Name=STM32F407V(E-G)Tx
ProjectManager.HalAssertFull=false
RCC.RTCHSEDivFreq_Value=12500000
ProjectManager.ProjectName=SDcard_SDIO
ProjectManager.UnderRoot=true
FATFS._MAX_SS=4096
PC8.Mode=SD_4_bits_Wide_bus
ProjectManager.CoupleFile=false
PH1-OSC_OUT.Mode=HSE-External-Oscillator
RCC.48MHZClocksFreq_Value=48000000
RCC.MCO2PinFreq_Value=168000000
PC8.GPIO_PuPd=GPIO_PULLUP
PC8.GPIOParameters=GPIO_PuPd
PB3.Signal=SYS_JTDO-SWO
RCC.SYSCLKFreq_VALUE=168000000
Mcu.Package=LQFP100
NVIC.TimeBase=TIM8_TRG_COM_TIM14_IRQn
NVIC.ForceEnableDMAVector=true
KeepUserPlacement=false
NVIC.MemoryManagement_IRQn=true\:0\:0\:false\:false\:true\:false\:false
ProjectManager.CompilerOptimize=6
ProjectManager.ToolChainLocation=
RCC.LSI_VALUE=32000
NVIC.TimeBaseIP=TIM14
PA14.Signal=SYS_JTCK-SWCLK
ProjectManager.HeapSize=0x200
NVIC.HardFault_IRQn=true\:0\:0\:false\:false\:true\:false\:false
PC11.Mode=SD_4_bits_Wide_bus
ProjectManager.ComputerToolchain=false
RCC.HSI_VALUE=16000000
RCC.PLLQ=7
NVIC.PriorityGroup=NVIC_PRIORITYGROUP_4
RCC.APB2CLKDivider=RCC_HCLK_DIV2
Mcu.Pin11=VP_FATFS_VS_SDIO
Mcu.Pin12=VP_SYS_VS_tim14
RCC.PLLM=8
RCC.PLLN=168
Mcu.Pin10=PB3
RCC.APB1TimFreq_Value=84000000
NVIC.BusFault_IRQn=true\:0\:0\:false\:false\:true\:false\:false
PC9.Signal=SDIO_D1
PC12.GPIO_PuPd=GPIO_NOPULL
PD2.Signal=SDIO_CMD
RCC.APB1Freq_Value=42000000
ProjectManager.CustomerFirmwarePackage=
ProjectManager.DeviceId=STM32F407VGTx
ProjectManager.LibraryCopy=1
isbadioc=false
